
Microsoft Visual Studio Solution File, Format Version 12.00
# Visual Studio Version 16
VisualStudioVersion = 16.0.31105.61
MinimumVisualStudioVersion = 10.0.40219.1
Project("{FAE04EC0-301F-11D3-BF4B-00C04F79EFBC}") = "FEM.DAL", "FEM.DAL\FEM.DAL.csproj", "{9A4D2084-9024-4777-9AF8-1FAE288F5B0F}"
EndProject
Project("{FAE04EC0-301F-11D3-BF4B-00C04F79EFBC}") = "FEM.BLL", "FEM.BLL\FEM.BLL.csproj", "{3BCCBF29-40C3-4093-B91D-19C278EDEB9D}"
EndProject
Project("{FAE04EC0-301F-11D3-BF4B-00C04F79EFBC}") = "FEM.WPFGUI", "FEM.WPFGUI\FEM.WPFGUI.csproj", "{01774650-0DC6-416F-B66E-7220922DFC5B}"
EndProject
Global
	GlobalSection(SolutionConfigurationPlatforms) = preSolution
		Debug|Any CPU = Debug|Any CPU
		Release|Any CPU = Release|Any CPU
	EndGlobalSection
	GlobalSection(ProjectConfigurationPlatforms) = postSolution
		{9A4D2084-9024-4777-9AF8-1FAE288F5B0F}.Debug|Any CPU.ActiveCfg = Debug|Any CPU
		{9A4D2084-9024-4777-9AF8-1FAE288F5B0F}.Debug|Any CPU.Build.0 = Debug|Any CPU
		{9A4D2084-9024-4777-9AF8-1FAE288F5B0F}.Release|Any CPU.ActiveCfg = Release|Any CPU
		{9A4D2084-9024-4777-9AF8-1FAE288F5B0F}.Release|Any CPU.Build.0 = Release|Any CPU
		{3BCCBF29-40C3-4093-B91D-19C278EDEB9D}.Debug|Any CPU.ActiveCfg = Debug|Any CPU
		{3BCCBF29-40C3-4093-B91D-19C278EDEB9D}.Debug|Any CPU.Build.0 = Debug|Any CPU
		{3BCCBF29-40C3-4093-B91D-19C278EDEB9D}.Release|Any CPU.ActiveCfg = Release|Any CPU
		{3BCCBF29-40C3-4093-B91D-19C278EDEB9D}.Release|Any CPU.Build.0 = Release|Any CPU
		{01774650-0DC6-416F-B66E-7220922DFC5B}.Debug|Any CPU.ActiveCfg = Debug|Any CPU
		{01774650-0DC6-416F-B66E-7220922DFC5B}.Debug|Any CPU.Build.0 = Debug|Any CPU
		{01774650-0DC6-416F-B66E-7220922DFC5B}.Release|Any CPU.ActiveCfg = Release|Any CPU
		{01774650-0DC6-416F-B66E-7220922DFC5B}.Release|Any CPU.Build.0 = Release|Any CPU
	EndGlobalSection
	GlobalSection(SolutionProperties) = preSolution
		HideSolutionNode = FALSE
	EndGlobalSection
	GlobalSection(ExtensibilityGlobals) = postSolution
		SolutionGuid = {64E0DE6D-924D-4BC7-BB05-B8F8C89DF90A}
	EndGlobalSection
EndGlobal
