
Microsoft Visual Studio Solution File, Format Version 12.00
# Visual Studio Version 17
VisualStudioVersion = 17.4.33122.133
MinimumVisualStudioVersion = 10.0.40219.1
Project("{FAE04EC0-301F-11D3-BF4B-00C04F79EFBC}") = "ImageProcessing", "ImageProcessing\ImageProcessing.csproj", "{9B4D9489-42B7-45E9-A0F3-7A9AD13A18B6}"
EndProject
Project("{FAE04EC0-301F-11D3-BF4B-00C04F79EFBC}") = "Common", "Common\Common.csproj", "{EBFC2C78-B31E-4235-9ABE-9A82B39C34ED}"
EndProject
Project("{FAE04EC0-301F-11D3-BF4B-00C04F79EFBC}") = "WorkerProcessing", "WorkerProcessing\WorkerProcessing.csproj", "{4A496DA4-285D-4DC3-977D-364D79415A98}"
EndProject
Global
	GlobalSection(SolutionConfigurationPlatforms) = preSolution
		Debug|Any CPU = Debug|Any CPU
		Release|Any CPU = Release|Any CPU
	EndGlobalSection
	GlobalSection(ProjectConfigurationPlatforms) = postSolution
		{9B4D9489-42B7-45E9-A0F3-7A9AD13A18B6}.Debug|Any CPU.ActiveCfg = Debug|Any CPU
		{9B4D9489-42B7-45E9-A0F3-7A9AD13A18B6}.Debug|Any CPU.Build.0 = Debug|Any CPU
		{9B4D9489-42B7-45E9-A0F3-7A9AD13A18B6}.Release|Any CPU.ActiveCfg = Release|Any CPU
		{9B4D9489-42B7-45E9-A0F3-7A9AD13A18B6}.Release|Any CPU.Build.0 = Release|Any CPU
		{EBFC2C78-B31E-4235-9ABE-9A82B39C34ED}.Debug|Any CPU.ActiveCfg = Debug|Any CPU
		{EBFC2C78-B31E-4235-9ABE-9A82B39C34ED}.Debug|Any CPU.Build.0 = Debug|Any CPU
		{EBFC2C78-B31E-4235-9ABE-9A82B39C34ED}.Release|Any CPU.ActiveCfg = Release|Any CPU
		{EBFC2C78-B31E-4235-9ABE-9A82B39C34ED}.Release|Any CPU.Build.0 = Release|Any CPU
		{4A496DA4-285D-4DC3-977D-364D79415A98}.Debug|Any CPU.ActiveCfg = Debug|Any CPU
		{4A496DA4-285D-4DC3-977D-364D79415A98}.Debug|Any CPU.Build.0 = Debug|Any CPU
		{4A496DA4-285D-4DC3-977D-364D79415A98}.Release|Any CPU.ActiveCfg = Release|Any CPU
		{4A496DA4-285D-4DC3-977D-364D79415A98}.Release|Any CPU.Build.0 = Release|Any CPU
	EndGlobalSection
	GlobalSection(SolutionProperties) = preSolution
		HideSolutionNode = FALSE
	EndGlobalSection
	GlobalSection(ExtensibilityGlobals) = postSolution
		SolutionGuid = {E612D43C-E22B-49FE-A8A7-2DD339C2FABB}
	EndGlobalSection
EndGlobal
