
Microsoft Visual Studio Solution File, Format Version 12.00
# Visual Studio Version 16
VisualStudioVersion = 16.0.30011.22
MinimumVisualStudioVersion = 10.0.40219.1
Project("{00D1A9C2-B5F0-4AF3-8072-F6C62B433612}") = "RadiostationDatabase", "RadiostationDatabase\RadiostationDatabase.sqlproj", "{D18D3781-3EAF-4DF1-A32E-A153B52A8A18}"
EndProject
Project("{9A19103F-16F7-4668-BE54-9A1E7A4F7556}") = "RadiostationWeb", "RadiostationWeb\RadiostationWeb.csproj", "{7EE1ECA2-50E0-4EF9-AA26-3D58E1EE08C3}"
EndProject
Global
	GlobalSection(SolutionConfigurationPlatforms) = preSolution
		Debug|Any CPU = Debug|Any CPU
		Release|Any CPU = Release|Any CPU
	EndGlobalSection
	GlobalSection(ProjectConfigurationPlatforms) = postSolution
		{D18D3781-3EAF-4DF1-A32E-A153B52A8A18}.Debug|Any CPU.ActiveCfg = Debug|Any CPU
		{D18D3781-3EAF-4DF1-A32E-A153B52A8A18}.Debug|Any CPU.Build.0 = Debug|Any CPU
		{D18D3781-3EAF-4DF1-A32E-A153B52A8A18}.Debug|Any CPU.Deploy.0 = Debug|Any CPU
		{D18D3781-3EAF-4DF1-A32E-A153B52A8A18}.Release|Any CPU.ActiveCfg = Release|Any CPU
		{D18D3781-3EAF-4DF1-A32E-A153B52A8A18}.Release|Any CPU.Build.0 = Release|Any CPU
		{D18D3781-3EAF-4DF1-A32E-A153B52A8A18}.Release|Any CPU.Deploy.0 = Release|Any CPU
		{7EE1ECA2-50E0-4EF9-AA26-3D58E1EE08C3}.Debug|Any CPU.ActiveCfg = Debug|Any CPU
		{7EE1ECA2-50E0-4EF9-AA26-3D58E1EE08C3}.Debug|Any CPU.Build.0 = Debug|Any CPU
		{7EE1ECA2-50E0-4EF9-AA26-3D58E1EE08C3}.Release|Any CPU.ActiveCfg = Release|Any CPU
		{7EE1ECA2-50E0-4EF9-AA26-3D58E1EE08C3}.Release|Any CPU.Build.0 = Release|Any CPU
	EndGlobalSection
	GlobalSection(SolutionProperties) = preSolution
		HideSolutionNode = FALSE
	EndGlobalSection
	GlobalSection(ExtensibilityGlobals) = postSolution
		SolutionGuid = {80122E62-8E3A-4880-AC3C-E5E8E4633859}
	EndGlobalSection
EndGlobal
