
Microsoft Visual Studio Solution File, Format Version 12.00
# Visual Studio Version 16
VisualStudioVersion = 16.0.30011.22
MinimumVisualStudioVersion = 10.0.40219.1
Project("{FAE04EC0-301F-11D3-BF4B-00C04F79EFBC}") = "DirectoryOrganizations", "DirectoryOrganizations\DirectoryOrganizations.csproj", "{5C15C4CC-79E5-4888-99E8-4C9BA766CDAF}"
EndProject
Project("{FAE04EC0-301F-11D3-BF4B-00C04F79EFBC}") = "UserInterface", "UserInterface\UserInterface.csproj", "{222C59F8-8485-4181-BDC8-ED55E2DEB0E1}"
EndProject
Project("{FAE04EC0-301F-11D3-BF4B-00C04F79EFBC}") = "DirectoryTest", "DirectoryTest\DirectoryTest.csproj", "{8EFCB447-31FA-4211-A60C-CFAF397FB62A}"
EndProject
Global
	GlobalSection(SolutionConfigurationPlatforms) = preSolution
		Debug|Any CPU = Debug|Any CPU
		Release|Any CPU = Release|Any CPU
	EndGlobalSection
	GlobalSection(ProjectConfigurationPlatforms) = postSolution
		{5C15C4CC-79E5-4888-99E8-4C9BA766CDAF}.Debug|Any CPU.ActiveCfg = Debug|Any CPU
		{5C15C4CC-79E5-4888-99E8-4C9BA766CDAF}.Debug|Any CPU.Build.0 = Debug|Any CPU
		{5C15C4CC-79E5-4888-99E8-4C9BA766CDAF}.Release|Any CPU.ActiveCfg = Release|Any CPU
		{5C15C4CC-79E5-4888-99E8-4C9BA766CDAF}.Release|Any CPU.Build.0 = Release|Any CPU
		{222C59F8-8485-4181-BDC8-ED55E2DEB0E1}.Debug|Any CPU.ActiveCfg = Debug|Any CPU
		{222C59F8-8485-4181-BDC8-ED55E2DEB0E1}.Debug|Any CPU.Build.0 = Debug|Any CPU
		{222C59F8-8485-4181-BDC8-ED55E2DEB0E1}.Release|Any CPU.ActiveCfg = Release|Any CPU
		{222C59F8-8485-4181-BDC8-ED55E2DEB0E1}.Release|Any CPU.Build.0 = Release|Any CPU
		{8EFCB447-31FA-4211-A60C-CFAF397FB62A}.Debug|Any CPU.ActiveCfg = Debug|Any CPU
		{8EFCB447-31FA-4211-A60C-CFAF397FB62A}.Debug|Any CPU.Build.0 = Debug|Any CPU
		{8EFCB447-31FA-4211-A60C-CFAF397FB62A}.Release|Any CPU.ActiveCfg = Release|Any CPU
		{8EFCB447-31FA-4211-A60C-CFAF397FB62A}.Release|Any CPU.Build.0 = Release|Any CPU
	EndGlobalSection
	GlobalSection(SolutionProperties) = preSolution
		HideSolutionNode = FALSE
	EndGlobalSection
	GlobalSection(ExtensibilityGlobals) = postSolution
		SolutionGuid = {9EBD70E5-0489-4A89-9429-47C6D335C86A}
	EndGlobalSection
EndGlobal
