
Microsoft Visual Studio Solution File, Format Version 12.00
# Visual Studio Version 16
VisualStudioVersion = 16.0.30011.22
MinimumVisualStudioVersion = 10.0.40219.1
Project("{FAE04EC0-301F-11D3-BF4B-00C04F79EFBC}") = "Test", "Test\Test.csproj", "{1FE75BF5-D4AB-4173-BA05-0D7DA9C7CDED}"
EndProject
Global
	GlobalSection(SolutionConfigurationPlatforms) = preSolution
		Debug|Any CPU = Debug|Any CPU
		Release|Any CPU = Release|Any CPU
	EndGlobalSection
	GlobalSection(ProjectConfigurationPlatforms) = postSolution
		{1FE75BF5-D4AB-4173-BA05-0D7DA9C7CDED}.Debug|Any CPU.ActiveCfg = Debug|Any CPU
		{1FE75BF5-D4AB-4173-BA05-0D7DA9C7CDED}.Debug|Any CPU.Build.0 = Debug|Any CPU
		{1FE75BF5-D4AB-4173-BA05-0D7DA9C7CDED}.Release|Any CPU.ActiveCfg = Release|Any CPU
		{1FE75BF5-D4AB-4173-BA05-0D7DA9C7CDED}.Release|Any CPU.Build.0 = Release|Any CPU
	EndGlobalSection
	GlobalSection(SolutionProperties) = preSolution
		HideSolutionNode = FALSE
	EndGlobalSection
	GlobalSection(ExtensibilityGlobals) = postSolution
		SolutionGuid = {3AC88BBA-430F-41DC-8DC6-52A76BD008D4}
	EndGlobalSection
EndGlobal
